
Microsoft Visual Studio Solution File, Format Version 12.00
# Visual Studio Version 17
VisualStudioVersion = 17.0.31903.59
MinimumVisualStudioVersion = 10.0.40219.1
Project("{FAE04EC0-301F-11D3-BF4B-00C04F79EFBC}") = "Api", "Api\Api.csproj", "{E3AEEE85-61B9-4B17-A993-E7069E79FFC6}"
EndProject
Project("{FAE04EC0-301F-11D3-BF4B-00C04F79EFBC}") = "Application", "Application\Application.csproj", "{9D667E3B-F35F-422C-87AB-C5BE10FEF688}"
EndProject
Project("{FAE04EC0-301F-11D3-BF4B-00C04F79EFBC}") = "Domain", "Domain\Domain.csproj", "{C5E1BB4B-5221-48C7-84DC-F9B4599CD981}"
EndProject
Project("{FAE04EC0-301F-11D3-BF4B-00C04F79EFBC}") = "Infrastructure", "Infrastructure\Infrastructure.csproj", "{370DC4A7-EF8B-4394-B9D9-7AE3840D55E4}"
EndProject
Project("{2150E333-8FDC-42A3-9474-1A3956D46DE8}") = "Libs", "Libs", "{4CF9E12E-88B2-41A5-91BE-19A9DF601CDA}"
EndProject
Project("{FAE04EC0-301F-11D3-BF4B-00C04F79EFBC}") = "Infrastructure.AutoMapper", "..\..\Libs\Infrastructure\Infrastructure.AutoMapper\Infrastructure.AutoMapper.csproj", "{BD22A9FE-8E26-49A0-AB1A-ED5E5335ADE0}"
EndProject
Project("{FAE04EC0-301F-11D3-BF4B-00C04F79EFBC}") = "Infrastructure.Core", "..\..\Libs\Infrastructure\Infrastructure.Core\Infrastructure.Core.csproj", "{6D0BCF30-5F92-4E4A-9374-53ABFA73F5EE}"
EndProject
Project("{FAE04EC0-301F-11D3-BF4B-00C04F79EFBC}") = "Security.Host", "..\..\Libs\Security\Security.Host\Security.Host.csproj", "{B6F94598-A5AB-4A57-A4E6-0C8ABC66C2B5}"
EndProject
Project("{FAE04EC0-301F-11D3-BF4B-00C04F79EFBC}") = "Infrastructure.Database", "..\..\Libs\Infrastructure\Infrastructure.Database\Infrastructure.Database.csproj", "{31CAA80B-9CC0-43E4-A11D-75FEABD066E8}"
EndProject
Project("{FAE04EC0-301F-11D3-BF4B-00C04F79EFBC}") = "Infrastructure.Hosting", "..\..\Libs\Infrastructure\Infrastructure.Hosting\Infrastructure.Hosting.csproj", "{02727F87-2380-4769-990E-C8E18DD5699D}"
EndProject
Project("{FAE04EC0-301F-11D3-BF4B-00C04F79EFBC}") = "Infrastructure.Logging", "..\..\Libs\Infrastructure\Infrastructure.Logging\Infrastructure.Logging.csproj", "{E4EA845B-2D8F-4B04-8AE5-4C0983489823}"
EndProject
Project("{FAE04EC0-301F-11D3-BF4B-00C04F79EFBC}") = "Infrastructure.Options", "..\..\Libs\Infrastructure\Infrastructure.Options\Infrastructure.Options.csproj", "{CA0C6A07-A080-4F71-BEAD-831B7F358F67}"
EndProject
Project("{FAE04EC0-301F-11D3-BF4B-00C04F79EFBC}") = "Infrastructure.Swagger", "..\..\Libs\Infrastructure\Infrastructure.Swagger\Infrastructure.Swagger.csproj", "{ED486835-4F04-435C-94EA-C9C369D5F460}"
EndProject
Global
	GlobalSection(SolutionConfigurationPlatforms) = preSolution
		Debug|Any CPU = Debug|Any CPU
		Debug|x64 = Debug|x64
		Debug|x86 = Debug|x86
		Release|Any CPU = Release|Any CPU
		Release|x64 = Release|x64
		Release|x86 = Release|x86
	EndGlobalSection
	GlobalSection(ProjectConfigurationPlatforms) = postSolution
		{E3AEEE85-61B9-4B17-A993-E7069E79FFC6}.Debug|Any CPU.ActiveCfg = Debug|Any CPU
		{E3AEEE85-61B9-4B17-A993-E7069E79FFC6}.Debug|Any CPU.Build.0 = Debug|Any CPU
		{E3AEEE85-61B9-4B17-A993-E7069E79FFC6}.Debug|x64.ActiveCfg = Debug|Any CPU
		{E3AEEE85-61B9-4B17-A993-E7069E79FFC6}.Debug|x64.Build.0 = Debug|Any CPU
		{E3AEEE85-61B9-4B17-A993-E7069E79FFC6}.Debug|x86.ActiveCfg = Debug|Any CPU
		{E3AEEE85-61B9-4B17-A993-E7069E79FFC6}.Debug|x86.Build.0 = Debug|Any CPU
		{E3AEEE85-61B9-4B17-A993-E7069E79FFC6}.Release|Any CPU.ActiveCfg = Release|Any CPU
		{E3AEEE85-61B9-4B17-A993-E7069E79FFC6}.Release|Any CPU.Build.0 = Release|Any CPU
		{E3AEEE85-61B9-4B17-A993-E7069E79FFC6}.Release|x64.ActiveCfg = Release|Any CPU
		{E3AEEE85-61B9-4B17-A993-E7069E79FFC6}.Release|x64.Build.0 = Release|Any CPU
		{E3AEEE85-61B9-4B17-A993-E7069E79FFC6}.Release|x86.ActiveCfg = Release|Any CPU
		{E3AEEE85-61B9-4B17-A993-E7069E79FFC6}.Release|x86.Build.0 = Release|Any CPU
		{9D667E3B-F35F-422C-87AB-C5BE10FEF688}.Debug|Any CPU.ActiveCfg = Debug|Any CPU
		{9D667E3B-F35F-422C-87AB-C5BE10FEF688}.Debug|Any CPU.Build.0 = Debug|Any CPU
		{9D667E3B-F35F-422C-87AB-C5BE10FEF688}.Debug|x64.ActiveCfg = Debug|Any CPU
		{9D667E3B-F35F-422C-87AB-C5BE10FEF688}.Debug|x64.Build.0 = Debug|Any CPU
		{9D667E3B-F35F-422C-87AB-C5BE10FEF688}.Debug|x86.ActiveCfg = Debug|Any CPU
		{9D667E3B-F35F-422C-87AB-C5BE10FEF688}.Debug|x86.Build.0 = Debug|Any CPU
		{9D667E3B-F35F-422C-87AB-C5BE10FEF688}.Release|Any CPU.ActiveCfg = Release|Any CPU
		{9D667E3B-F35F-422C-87AB-C5BE10FEF688}.Release|Any CPU.Build.0 = Release|Any CPU
		{9D667E3B-F35F-422C-87AB-C5BE10FEF688}.Release|x64.ActiveCfg = Release|Any CPU
		{9D667E3B-F35F-422C-87AB-C5BE10FEF688}.Release|x64.Build.0 = Release|Any CPU
		{9D667E3B-F35F-422C-87AB-C5BE10FEF688}.Release|x86.ActiveCfg = Release|Any CPU
		{9D667E3B-F35F-422C-87AB-C5BE10FEF688}.Release|x86.Build.0 = Release|Any CPU
		{C5E1BB4B-5221-48C7-84DC-F9B4599CD981}.Debug|Any CPU.ActiveCfg = Debug|Any CPU
		{C5E1BB4B-5221-48C7-84DC-F9B4599CD981}.Debug|Any CPU.Build.0 = Debug|Any CPU
		{C5E1BB4B-5221-48C7-84DC-F9B4599CD981}.Debug|x64.ActiveCfg = Debug|Any CPU
		{C5E1BB4B-5221-48C7-84DC-F9B4599CD981}.Debug|x64.Build.0 = Debug|Any CPU
		{C5E1BB4B-5221-48C7-84DC-F9B4599CD981}.Debug|x86.ActiveCfg = Debug|Any CPU
		{C5E1BB4B-5221-48C7-84DC-F9B4599CD981}.Debug|x86.Build.0 = Debug|Any CPU
		{C5E1BB4B-5221-48C7-84DC-F9B4599CD981}.Release|Any CPU.ActiveCfg = Release|Any CPU
		{C5E1BB4B-5221-48C7-84DC-F9B4599CD981}.Release|Any CPU.Build.0 = Release|Any CPU
		{C5E1BB4B-5221-48C7-84DC-F9B4599CD981}.Release|x64.ActiveCfg = Release|Any CPU
		{C5E1BB4B-5221-48C7-84DC-F9B4599CD981}.Release|x64.Build.0 = Release|Any CPU
		{C5E1BB4B-5221-48C7-84DC-F9B4599CD981}.Release|x86.ActiveCfg = Release|Any CPU
		{C5E1BB4B-5221-48C7-84DC-F9B4599CD981}.Release|x86.Build.0 = Release|Any CPU
		{370DC4A7-EF8B-4394-B9D9-7AE3840D55E4}.Debug|Any CPU.ActiveCfg = Debug|Any CPU
		{370DC4A7-EF8B-4394-B9D9-7AE3840D55E4}.Debug|Any CPU.Build.0 = Debug|Any CPU
		{370DC4A7-EF8B-4394-B9D9-7AE3840D55E4}.Debug|x64.ActiveCfg = Debug|Any CPU
		{370DC4A7-EF8B-4394-B9D9-7AE3840D55E4}.Debug|x64.Build.0 = Debug|Any CPU
		{370DC4A7-EF8B-4394-B9D9-7AE3840D55E4}.Debug|x86.ActiveCfg = Debug|Any CPU
		{370DC4A7-EF8B-4394-B9D9-7AE3840D55E4}.Debug|x86.Build.0 = Debug|Any CPU
		{370DC4A7-EF8B-4394-B9D9-7AE3840D55E4}.Release|Any CPU.ActiveCfg = Release|Any CPU
		{370DC4A7-EF8B-4394-B9D9-7AE3840D55E4}.Release|Any CPU.Build.0 = Release|Any CPU
		{370DC4A7-EF8B-4394-B9D9-7AE3840D55E4}.Release|x64.ActiveCfg = Release|Any CPU
		{370DC4A7-EF8B-4394-B9D9-7AE3840D55E4}.Release|x64.Build.0 = Release|Any CPU
		{370DC4A7-EF8B-4394-B9D9-7AE3840D55E4}.Release|x86.ActiveCfg = Release|Any CPU
		{370DC4A7-EF8B-4394-B9D9-7AE3840D55E4}.Release|x86.Build.0 = Release|Any CPU
		{BD22A9FE-8E26-49A0-AB1A-ED5E5335ADE0}.Debug|Any CPU.ActiveCfg = Debug|Any CPU
		{BD22A9FE-8E26-49A0-AB1A-ED5E5335ADE0}.Debug|Any CPU.Build.0 = Debug|Any CPU
		{BD22A9FE-8E26-49A0-AB1A-ED5E5335ADE0}.Debug|x64.ActiveCfg = Debug|Any CPU
		{BD22A9FE-8E26-49A0-AB1A-ED5E5335ADE0}.Debug|x64.Build.0 = Debug|Any CPU
		{BD22A9FE-8E26-49A0-AB1A-ED5E5335ADE0}.Debug|x86.ActiveCfg = Debug|Any CPU
		{BD22A9FE-8E26-49A0-AB1A-ED5E5335ADE0}.Debug|x86.Build.0 = Debug|Any CPU
		{BD22A9FE-8E26-49A0-AB1A-ED5E5335ADE0}.Release|Any CPU.ActiveCfg = Release|Any CPU
		{BD22A9FE-8E26-49A0-AB1A-ED5E5335ADE0}.Release|Any CPU.Build.0 = Release|Any CPU
		{BD22A9FE-8E26-49A0-AB1A-ED5E5335ADE0}.Release|x64.ActiveCfg = Release|Any CPU
		{BD22A9FE-8E26-49A0-AB1A-ED5E5335ADE0}.Release|x64.Build.0 = Release|Any CPU
		{BD22A9FE-8E26-49A0-AB1A-ED5E5335ADE0}.Release|x86.ActiveCfg = Release|Any CPU
		{BD22A9FE-8E26-49A0-AB1A-ED5E5335ADE0}.Release|x86.Build.0 = Release|Any CPU
		{6D0BCF30-5F92-4E4A-9374-53ABFA73F5EE}.Debug|Any CPU.ActiveCfg = Debug|Any CPU
		{6D0BCF30-5F92-4E4A-9374-53ABFA73F5EE}.Debug|Any CPU.Build.0 = Debug|Any CPU
		{6D0BCF30-5F92-4E4A-9374-53ABFA73F5EE}.Debug|x64.ActiveCfg = Debug|Any CPU
		{6D0BCF30-5F92-4E4A-9374-53ABFA73F5EE}.Debug|x64.Build.0 = Debug|Any CPU
		{6D0BCF30-5F92-4E4A-9374-53ABFA73F5EE}.Debug|x86.ActiveCfg = Debug|Any CPU
		{6D0BCF30-5F92-4E4A-9374-53ABFA73F5EE}.Debug|x86.Build.0 = Debug|Any CPU
		{6D0BCF30-5F92-4E4A-9374-53ABFA73F5EE}.Release|Any CPU.ActiveCfg = Release|Any CPU
		{6D0BCF30-5F92-4E4A-9374-53ABFA73F5EE}.Release|Any CPU.Build.0 = Release|Any CPU
		{6D0BCF30-5F92-4E4A-9374-53ABFA73F5EE}.Release|x64.ActiveCfg = Release|Any CPU
		{6D0BCF30-5F92-4E4A-9374-53ABFA73F5EE}.Release|x64.Build.0 = Release|Any CPU
		{6D0BCF30-5F92-4E4A-9374-53ABFA73F5EE}.Release|x86.ActiveCfg = Release|Any CPU
		{6D0BCF30-5F92-4E4A-9374-53ABFA73F5EE}.Release|x86.Build.0 = Release|Any CPU
		{B6F94598-A5AB-4A57-A4E6-0C8ABC66C2B5}.Debug|Any CPU.ActiveCfg = Debug|Any CPU
		{B6F94598-A5AB-4A57-A4E6-0C8ABC66C2B5}.Debug|Any CPU.Build.0 = Debug|Any CPU
		{B6F94598-A5AB-4A57-A4E6-0C8ABC66C2B5}.Debug|x64.ActiveCfg = Debug|Any CPU
		{B6F94598-A5AB-4A57-A4E6-0C8ABC66C2B5}.Debug|x64.Build.0 = Debug|Any CPU
		{B6F94598-A5AB-4A57-A4E6-0C8ABC66C2B5}.Debug|x86.ActiveCfg = Debug|Any CPU
		{B6F94598-A5AB-4A57-A4E6-0C8ABC66C2B5}.Debug|x86.Build.0 = Debug|Any CPU
		{B6F94598-A5AB-4A57-A4E6-0C8ABC66C2B5}.Release|Any CPU.ActiveCfg = Release|Any CPU
		{B6F94598-A5AB-4A57-A4E6-0C8ABC66C2B5}.Release|Any CPU.Build.0 = Release|Any CPU
		{B6F94598-A5AB-4A57-A4E6-0C8ABC66C2B5}.Release|x64.ActiveCfg = Release|Any CPU
		{B6F94598-A5AB-4A57-A4E6-0C8ABC66C2B5}.Release|x64.Build.0 = Release|Any CPU
		{B6F94598-A5AB-4A57-A4E6-0C8ABC66C2B5}.Release|x86.ActiveCfg = Release|Any CPU
		{B6F94598-A5AB-4A57-A4E6-0C8ABC66C2B5}.Release|x86.Build.0 = Release|Any CPU
		{31CAA80B-9CC0-43E4-A11D-75FEABD066E8}.Debug|Any CPU.ActiveCfg = Debug|Any CPU
		{31CAA80B-9CC0-43E4-A11D-75FEABD066E8}.Debug|Any CPU.Build.0 = Debug|Any CPU
		{31CAA80B-9CC0-43E4-A11D-75FEABD066E8}.Debug|x64.ActiveCfg = Debug|Any CPU
		{31CAA80B-9CC0-43E4-A11D-75FEABD066E8}.Debug|x64.Build.0 = Debug|Any CPU
		{31CAA80B-9CC0-43E4-A11D-75FEABD066E8}.Debug|x86.ActiveCfg = Debug|Any CPU
		{31CAA80B-9CC0-43E4-A11D-75FEABD066E8}.Debug|x86.Build.0 = Debug|Any CPU
		{31CAA80B-9CC0-43E4-A11D-75FEABD066E8}.Release|Any CPU.ActiveCfg = Release|Any CPU
		{31CAA80B-9CC0-43E4-A11D-75FEABD066E8}.Release|Any CPU.Build.0 = Release|Any CPU
		{31CAA80B-9CC0-43E4-A11D-75FEABD066E8}.Release|x64.ActiveCfg = Release|Any CPU
		{31CAA80B-9CC0-43E4-A11D-75FEABD066E8}.Release|x64.Build.0 = Release|Any CPU
		{31CAA80B-9CC0-43E4-A11D-75FEABD066E8}.Release|x86.ActiveCfg = Release|Any CPU
		{31CAA80B-9CC0-43E4-A11D-75FEABD066E8}.Release|x86.Build.0 = Release|Any CPU
		{02727F87-2380-4769-990E-C8E18DD5699D}.Debug|Any CPU.ActiveCfg = Debug|Any CPU
		{02727F87-2380-4769-990E-C8E18DD5699D}.Debug|Any CPU.Build.0 = Debug|Any CPU
		{02727F87-2380-4769-990E-C8E18DD5699D}.Debug|x64.ActiveCfg = Debug|Any CPU
		{02727F87-2380-4769-990E-C8E18DD5699D}.Debug|x64.Build.0 = Debug|Any CPU
		{02727F87-2380-4769-990E-C8E18DD5699D}.Debug|x86.ActiveCfg = Debug|Any CPU
		{02727F87-2380-4769-990E-C8E18DD5699D}.Debug|x86.Build.0 = Debug|Any CPU
		{02727F87-2380-4769-990E-C8E18DD5699D}.Release|Any CPU.ActiveCfg = Release|Any CPU
		{02727F87-2380-4769-990E-C8E18DD5699D}.Release|Any CPU.Build.0 = Release|Any CPU
		{02727F87-2380-4769-990E-C8E18DD5699D}.Release|x64.ActiveCfg = Release|Any CPU
		{02727F87-2380-4769-990E-C8E18DD5699D}.Release|x64.Build.0 = Release|Any CPU
		{02727F87-2380-4769-990E-C8E18DD5699D}.Release|x86.ActiveCfg = Release|Any CPU
		{02727F87-2380-4769-990E-C8E18DD5699D}.Release|x86.Build.0 = Release|Any CPU
		{E4EA845B-2D8F-4B04-8AE5-4C0983489823}.Debug|Any CPU.ActiveCfg = Debug|Any CPU
		{E4EA845B-2D8F-4B04-8AE5-4C0983489823}.Debug|Any CPU.Build.0 = Debug|Any CPU
		{E4EA845B-2D8F-4B04-8AE5-4C0983489823}.Debug|x64.ActiveCfg = Debug|Any CPU
		{E4EA845B-2D8F-4B04-8AE5-4C0983489823}.Debug|x64.Build.0 = Debug|Any CPU
		{E4EA845B-2D8F-4B04-8AE5-4C0983489823}.Debug|x86.ActiveCfg = Debug|Any CPU
		{E4EA845B-2D8F-4B04-8AE5-4C0983489823}.Debug|x86.Build.0 = Debug|Any CPU
		{E4EA845B-2D8F-4B04-8AE5-4C0983489823}.Release|Any CPU.ActiveCfg = Release|Any CPU
		{E4EA845B-2D8F-4B04-8AE5-4C0983489823}.Release|Any CPU.Build.0 = Release|Any CPU
		{E4EA845B-2D8F-4B04-8AE5-4C0983489823}.Release|x64.ActiveCfg = Release|Any CPU
		{E4EA845B-2D8F-4B04-8AE5-4C0983489823}.Release|x64.Build.0 = Release|Any CPU
		{E4EA845B-2D8F-4B04-8AE5-4C0983489823}.Release|x86.ActiveCfg = Release|Any CPU
		{E4EA845B-2D8F-4B04-8AE5-4C0983489823}.Release|x86.Build.0 = Release|Any CPU
		{CA0C6A07-A080-4F71-BEAD-831B7F358F67}.Debug|Any CPU.ActiveCfg = Debug|Any CPU
		{CA0C6A07-A080-4F71-BEAD-831B7F358F67}.Debug|Any CPU.Build.0 = Debug|Any CPU
		{CA0C6A07-A080-4F71-BEAD-831B7F358F67}.Debug|x64.ActiveCfg = Debug|Any CPU
		{CA0C6A07-A080-4F71-BEAD-831B7F358F67}.Debug|x64.Build.0 = Debug|Any CPU
		{CA0C6A07-A080-4F71-BEAD-831B7F358F67}.Debug|x86.ActiveCfg = Debug|Any CPU
		{CA0C6A07-A080-4F71-BEAD-831B7F358F67}.Debug|x86.Build.0 = Debug|Any CPU
		{CA0C6A07-A080-4F71-BEAD-831B7F358F67}.Release|Any CPU.ActiveCfg = Release|Any CPU
		{CA0C6A07-A080-4F71-BEAD-831B7F358F67}.Release|Any CPU.Build.0 = Release|Any CPU
		{CA0C6A07-A080-4F71-BEAD-831B7F358F67}.Release|x64.ActiveCfg = Release|Any CPU
		{CA0C6A07-A080-4F71-BEAD-831B7F358F67}.Release|x64.Build.0 = Release|Any CPU
		{CA0C6A07-A080-4F71-BEAD-831B7F358F67}.Release|x86.ActiveCfg = Release|Any CPU
		{CA0C6A07-A080-4F71-BEAD-831B7F358F67}.Release|x86.Build.0 = Release|Any CPU
		{ED486835-4F04-435C-94EA-C9C369D5F460}.Debug|Any CPU.ActiveCfg = Debug|Any CPU
		{ED486835-4F04-435C-94EA-C9C369D5F460}.Debug|Any CPU.Build.0 = Debug|Any CPU
		{ED486835-4F04-435C-94EA-C9C369D5F460}.Debug|x64.ActiveCfg = Debug|Any CPU
		{ED486835-4F04-435C-94EA-C9C369D5F460}.Debug|x64.Build.0 = Debug|Any CPU
		{ED486835-4F04-435C-94EA-C9C369D5F460}.Debug|x86.ActiveCfg = Debug|Any CPU
		{ED486835-4F04-435C-94EA-C9C369D5F460}.Debug|x86.Build.0 = Debug|Any CPU
		{ED486835-4F04-435C-94EA-C9C369D5F460}.Release|Any CPU.ActiveCfg = Release|Any CPU
		{ED486835-4F04-435C-94EA-C9C369D5F460}.Release|Any CPU.Build.0 = Release|Any CPU
		{ED486835-4F04-435C-94EA-C9C369D5F460}.Release|x64.ActiveCfg = Release|Any CPU
		{ED486835-4F04-435C-94EA-C9C369D5F460}.Release|x64.Build.0 = Release|Any CPU
		{ED486835-4F04-435C-94EA-C9C369D5F460}.Release|x86.ActiveCfg = Release|Any CPU
		{ED486835-4F04-435C-94EA-C9C369D5F460}.Release|x86.Build.0 = Release|Any CPU
	EndGlobalSection
	GlobalSection(SolutionProperties) = preSolution
		HideSolutionNode = FALSE
	EndGlobalSection
	GlobalSection(NestedProjects) = preSolution
		{BD22A9FE-8E26-49A0-AB1A-ED5E5335ADE0} = {4CF9E12E-88B2-41A5-91BE-19A9DF601CDA}
		{6D0BCF30-5F92-4E4A-9374-53ABFA73F5EE} = {4CF9E12E-88B2-41A5-91BE-19A9DF601CDA}
		{B6F94598-A5AB-4A57-A4E6-0C8ABC66C2B5} = {4CF9E12E-88B2-41A5-91BE-19A9DF601CDA}
		{31CAA80B-9CC0-43E4-A11D-75FEABD066E8} = {4CF9E12E-88B2-41A5-91BE-19A9DF601CDA}
		{02727F87-2380-4769-990E-C8E18DD5699D} = {4CF9E12E-88B2-41A5-91BE-19A9DF601CDA}
		{E4EA845B-2D8F-4B04-8AE5-4C0983489823} = {4CF9E12E-88B2-41A5-91BE-19A9DF601CDA}
		{CA0C6A07-A080-4F71-BEAD-831B7F358F67} = {4CF9E12E-88B2-41A5-91BE-19A9DF601CDA}
		{ED486835-4F04-435C-94EA-C9C369D5F460} = {4CF9E12E-88B2-41A5-91BE-19A9DF601CDA}
	EndGlobalSection
EndGlobal
