
Microsoft Visual Studio Solution File, Format Version 12.00
# Visual Studio Version 17
VisualStudioVersion = 17.0.31903.59
MinimumVisualStudioVersion = 10.0.40219.1
Project("{FAE04EC0-301F-11D3-BF4B-00C04F79EFBC}") = "Api", "Api\Api.csproj", "{C7E87F61-64EB-490A-BFBF-8A6A4A84BBFF}"
EndProject
Project("{FAE04EC0-301F-11D3-BF4B-00C04F79EFBC}") = "Application", "Application\Application.csproj", "{8BC1766B-6100-4EF1-BD02-51A6B3C541B3}"
EndProject
Project("{FAE04EC0-301F-11D3-BF4B-00C04F79EFBC}") = "Domain", "Domain\Domain.csproj", "{71C7B97E-CAD4-4010-AF19-9FBCCBD2323E}"
EndProject
Project("{FAE04EC0-301F-11D3-BF4B-00C04F79EFBC}") = "Infrastructure", "Infrastructure\Infrastructure.csproj", "{A08E196C-BD95-4C1B-AE93-D8FFD0B40A74}"
EndProject
Project("{2150E333-8FDC-42A3-9474-1A3956D46DE8}") = "Libs", "Libs", "{E2C4CE85-02E7-47A5-8F29-E326F26AC71C}"
EndProject
Project("{FAE04EC0-301F-11D3-BF4B-00C04F79EFBC}") = "Infrastructure.Database", "..\..\Libs\Infrastructure\Infrastructure.Database\Infrastructure.Database.csproj", "{CC34DEF0-ADF0-4F0E-B9CB-2E8E339EEBFF}"
EndProject
Project("{FAE04EC0-301F-11D3-BF4B-00C04F79EFBC}") = "Infrastructure.Hosting", "..\..\Libs\Infrastructure\Infrastructure.Hosting\Infrastructure.Hosting.csproj", "{667F5527-50B4-4451-BB8E-E50624EE2387}"
EndProject
Project("{FAE04EC0-301F-11D3-BF4B-00C04F79EFBC}") = "Infrastructure.Logging", "..\..\Libs\Infrastructure\Infrastructure.Logging\Infrastructure.Logging.csproj", "{BF8A5575-7AF6-4A16-A21E-8D1CC512858A}"
EndProject
Project("{FAE04EC0-301F-11D3-BF4B-00C04F79EFBC}") = "Infrastructure.Options", "..\..\Libs\Infrastructure\Infrastructure.Options\Infrastructure.Options.csproj", "{F3AFC4FC-0084-4D10-8454-F00B710BAB05}"
EndProject
Project("{FAE04EC0-301F-11D3-BF4B-00C04F79EFBC}") = "Infrastructure.Swagger", "..\..\Libs\Infrastructure\Infrastructure.Swagger\Infrastructure.Swagger.csproj", "{13DFC80A-A6FC-4530-BA87-A8743EEA83BE}"
EndProject
Project("{FAE04EC0-301F-11D3-BF4B-00C04F79EFBC}") = "Security.Host", "..\..\Libs\Security\Security.Host\Security.Host.csproj", "{318F8D42-EA8D-45FE-BC6C-550415AEFBBC}"
EndProject
Project("{FAE04EC0-301F-11D3-BF4B-00C04F79EFBC}") = "Infrastructure.Core", "..\..\Libs\Infrastructure\Infrastructure.Core\Infrastructure.Core.csproj", "{4EB24A10-6BAF-455D-AB86-05D82470E686}"
EndProject
Project("{FAE04EC0-301F-11D3-BF4B-00C04F79EFBC}") = "Infrastructure.AutoMapper", "..\..\Libs\Infrastructure\Infrastructure.AutoMapper\Infrastructure.AutoMapper.csproj", "{4E722AB2-E846-4F83-9D8F-80C9CCE72EBA}"
EndProject
Project("{FAE04EC0-301F-11D3-BF4B-00C04F79EFBC}") = "Infrastructure.Exceptions", "..\..\Libs\Infrastructure\Infrastructure.Exceptions\Infrastructure.Exceptions.csproj", "{64713C7B-0B9D-484F-BA0D-8C980255A66A}"
EndProject
Project("{FAE04EC0-301F-11D3-BF4B-00C04F79EFBC}") = "Security.Auth", "..\..\Libs\Security\Security.Auth\Security.Auth.csproj", "{C106EAB3-D89C-489B-869C-74EF125DD5DD}"
EndProject
Global
	GlobalSection(SolutionConfigurationPlatforms) = preSolution
		Debug|Any CPU = Debug|Any CPU
		Debug|x64 = Debug|x64
		Debug|x86 = Debug|x86
		Release|Any CPU = Release|Any CPU
		Release|x64 = Release|x64
		Release|x86 = Release|x86
	EndGlobalSection
	GlobalSection(ProjectConfigurationPlatforms) = postSolution
		{C7E87F61-64EB-490A-BFBF-8A6A4A84BBFF}.Debug|Any CPU.ActiveCfg = Debug|Any CPU
		{C7E87F61-64EB-490A-BFBF-8A6A4A84BBFF}.Debug|Any CPU.Build.0 = Debug|Any CPU
		{C7E87F61-64EB-490A-BFBF-8A6A4A84BBFF}.Debug|x64.ActiveCfg = Debug|Any CPU
		{C7E87F61-64EB-490A-BFBF-8A6A4A84BBFF}.Debug|x64.Build.0 = Debug|Any CPU
		{C7E87F61-64EB-490A-BFBF-8A6A4A84BBFF}.Debug|x86.ActiveCfg = Debug|Any CPU
		{C7E87F61-64EB-490A-BFBF-8A6A4A84BBFF}.Debug|x86.Build.0 = Debug|Any CPU
		{C7E87F61-64EB-490A-BFBF-8A6A4A84BBFF}.Release|Any CPU.ActiveCfg = Release|Any CPU
		{C7E87F61-64EB-490A-BFBF-8A6A4A84BBFF}.Release|Any CPU.Build.0 = Release|Any CPU
		{C7E87F61-64EB-490A-BFBF-8A6A4A84BBFF}.Release|x64.ActiveCfg = Release|Any CPU
		{C7E87F61-64EB-490A-BFBF-8A6A4A84BBFF}.Release|x64.Build.0 = Release|Any CPU
		{C7E87F61-64EB-490A-BFBF-8A6A4A84BBFF}.Release|x86.ActiveCfg = Release|Any CPU
		{C7E87F61-64EB-490A-BFBF-8A6A4A84BBFF}.Release|x86.Build.0 = Release|Any CPU
		{8BC1766B-6100-4EF1-BD02-51A6B3C541B3}.Debug|Any CPU.ActiveCfg = Debug|Any CPU
		{8BC1766B-6100-4EF1-BD02-51A6B3C541B3}.Debug|Any CPU.Build.0 = Debug|Any CPU
		{8BC1766B-6100-4EF1-BD02-51A6B3C541B3}.Debug|x64.ActiveCfg = Debug|Any CPU
		{8BC1766B-6100-4EF1-BD02-51A6B3C541B3}.Debug|x64.Build.0 = Debug|Any CPU
		{8BC1766B-6100-4EF1-BD02-51A6B3C541B3}.Debug|x86.ActiveCfg = Debug|Any CPU
		{8BC1766B-6100-4EF1-BD02-51A6B3C541B3}.Debug|x86.Build.0 = Debug|Any CPU
		{8BC1766B-6100-4EF1-BD02-51A6B3C541B3}.Release|Any CPU.ActiveCfg = Release|Any CPU
		{8BC1766B-6100-4EF1-BD02-51A6B3C541B3}.Release|Any CPU.Build.0 = Release|Any CPU
		{8BC1766B-6100-4EF1-BD02-51A6B3C541B3}.Release|x64.ActiveCfg = Release|Any CPU
		{8BC1766B-6100-4EF1-BD02-51A6B3C541B3}.Release|x64.Build.0 = Release|Any CPU
		{8BC1766B-6100-4EF1-BD02-51A6B3C541B3}.Release|x86.ActiveCfg = Release|Any CPU
		{8BC1766B-6100-4EF1-BD02-51A6B3C541B3}.Release|x86.Build.0 = Release|Any CPU
		{71C7B97E-CAD4-4010-AF19-9FBCCBD2323E}.Debug|Any CPU.ActiveCfg = Debug|Any CPU
		{71C7B97E-CAD4-4010-AF19-9FBCCBD2323E}.Debug|Any CPU.Build.0 = Debug|Any CPU
		{71C7B97E-CAD4-4010-AF19-9FBCCBD2323E}.Debug|x64.ActiveCfg = Debug|Any CPU
		{71C7B97E-CAD4-4010-AF19-9FBCCBD2323E}.Debug|x64.Build.0 = Debug|Any CPU
		{71C7B97E-CAD4-4010-AF19-9FBCCBD2323E}.Debug|x86.ActiveCfg = Debug|Any CPU
		{71C7B97E-CAD4-4010-AF19-9FBCCBD2323E}.Debug|x86.Build.0 = Debug|Any CPU
		{71C7B97E-CAD4-4010-AF19-9FBCCBD2323E}.Release|Any CPU.ActiveCfg = Release|Any CPU
		{71C7B97E-CAD4-4010-AF19-9FBCCBD2323E}.Release|Any CPU.Build.0 = Release|Any CPU
		{71C7B97E-CAD4-4010-AF19-9FBCCBD2323E}.Release|x64.ActiveCfg = Release|Any CPU
		{71C7B97E-CAD4-4010-AF19-9FBCCBD2323E}.Release|x64.Build.0 = Release|Any CPU
		{71C7B97E-CAD4-4010-AF19-9FBCCBD2323E}.Release|x86.ActiveCfg = Release|Any CPU
		{71C7B97E-CAD4-4010-AF19-9FBCCBD2323E}.Release|x86.Build.0 = Release|Any CPU
		{A08E196C-BD95-4C1B-AE93-D8FFD0B40A74}.Debug|Any CPU.ActiveCfg = Debug|Any CPU
		{A08E196C-BD95-4C1B-AE93-D8FFD0B40A74}.Debug|Any CPU.Build.0 = Debug|Any CPU
		{A08E196C-BD95-4C1B-AE93-D8FFD0B40A74}.Debug|x64.ActiveCfg = Debug|Any CPU
		{A08E196C-BD95-4C1B-AE93-D8FFD0B40A74}.Debug|x64.Build.0 = Debug|Any CPU
		{A08E196C-BD95-4C1B-AE93-D8FFD0B40A74}.Debug|x86.ActiveCfg = Debug|Any CPU
		{A08E196C-BD95-4C1B-AE93-D8FFD0B40A74}.Debug|x86.Build.0 = Debug|Any CPU
		{A08E196C-BD95-4C1B-AE93-D8FFD0B40A74}.Release|Any CPU.ActiveCfg = Release|Any CPU
		{A08E196C-BD95-4C1B-AE93-D8FFD0B40A74}.Release|Any CPU.Build.0 = Release|Any CPU
		{A08E196C-BD95-4C1B-AE93-D8FFD0B40A74}.Release|x64.ActiveCfg = Release|Any CPU
		{A08E196C-BD95-4C1B-AE93-D8FFD0B40A74}.Release|x64.Build.0 = Release|Any CPU
		{A08E196C-BD95-4C1B-AE93-D8FFD0B40A74}.Release|x86.ActiveCfg = Release|Any CPU
		{A08E196C-BD95-4C1B-AE93-D8FFD0B40A74}.Release|x86.Build.0 = Release|Any CPU
		{CC34DEF0-ADF0-4F0E-B9CB-2E8E339EEBFF}.Debug|Any CPU.ActiveCfg = Debug|Any CPU
		{CC34DEF0-ADF0-4F0E-B9CB-2E8E339EEBFF}.Debug|Any CPU.Build.0 = Debug|Any CPU
		{CC34DEF0-ADF0-4F0E-B9CB-2E8E339EEBFF}.Debug|x64.ActiveCfg = Debug|Any CPU
		{CC34DEF0-ADF0-4F0E-B9CB-2E8E339EEBFF}.Debug|x64.Build.0 = Debug|Any CPU
		{CC34DEF0-ADF0-4F0E-B9CB-2E8E339EEBFF}.Debug|x86.ActiveCfg = Debug|Any CPU
		{CC34DEF0-ADF0-4F0E-B9CB-2E8E339EEBFF}.Debug|x86.Build.0 = Debug|Any CPU
		{CC34DEF0-ADF0-4F0E-B9CB-2E8E339EEBFF}.Release|Any CPU.ActiveCfg = Release|Any CPU
		{CC34DEF0-ADF0-4F0E-B9CB-2E8E339EEBFF}.Release|Any CPU.Build.0 = Release|Any CPU
		{CC34DEF0-ADF0-4F0E-B9CB-2E8E339EEBFF}.Release|x64.ActiveCfg = Release|Any CPU
		{CC34DEF0-ADF0-4F0E-B9CB-2E8E339EEBFF}.Release|x64.Build.0 = Release|Any CPU
		{CC34DEF0-ADF0-4F0E-B9CB-2E8E339EEBFF}.Release|x86.ActiveCfg = Release|Any CPU
		{CC34DEF0-ADF0-4F0E-B9CB-2E8E339EEBFF}.Release|x86.Build.0 = Release|Any CPU
		{667F5527-50B4-4451-BB8E-E50624EE2387}.Debug|Any CPU.ActiveCfg = Debug|Any CPU
		{667F5527-50B4-4451-BB8E-E50624EE2387}.Debug|Any CPU.Build.0 = Debug|Any CPU
		{667F5527-50B4-4451-BB8E-E50624EE2387}.Debug|x64.ActiveCfg = Debug|Any CPU
		{667F5527-50B4-4451-BB8E-E50624EE2387}.Debug|x64.Build.0 = Debug|Any CPU
		{667F5527-50B4-4451-BB8E-E50624EE2387}.Debug|x86.ActiveCfg = Debug|Any CPU
		{667F5527-50B4-4451-BB8E-E50624EE2387}.Debug|x86.Build.0 = Debug|Any CPU
		{667F5527-50B4-4451-BB8E-E50624EE2387}.Release|Any CPU.ActiveCfg = Release|Any CPU
		{667F5527-50B4-4451-BB8E-E50624EE2387}.Release|Any CPU.Build.0 = Release|Any CPU
		{667F5527-50B4-4451-BB8E-E50624EE2387}.Release|x64.ActiveCfg = Release|Any CPU
		{667F5527-50B4-4451-BB8E-E50624EE2387}.Release|x64.Build.0 = Release|Any CPU
		{667F5527-50B4-4451-BB8E-E50624EE2387}.Release|x86.ActiveCfg = Release|Any CPU
		{667F5527-50B4-4451-BB8E-E50624EE2387}.Release|x86.Build.0 = Release|Any CPU
		{BF8A5575-7AF6-4A16-A21E-8D1CC512858A}.Debug|Any CPU.ActiveCfg = Debug|Any CPU
		{BF8A5575-7AF6-4A16-A21E-8D1CC512858A}.Debug|Any CPU.Build.0 = Debug|Any CPU
		{BF8A5575-7AF6-4A16-A21E-8D1CC512858A}.Debug|x64.ActiveCfg = Debug|Any CPU
		{BF8A5575-7AF6-4A16-A21E-8D1CC512858A}.Debug|x64.Build.0 = Debug|Any CPU
		{BF8A5575-7AF6-4A16-A21E-8D1CC512858A}.Debug|x86.ActiveCfg = Debug|Any CPU
		{BF8A5575-7AF6-4A16-A21E-8D1CC512858A}.Debug|x86.Build.0 = Debug|Any CPU
		{BF8A5575-7AF6-4A16-A21E-8D1CC512858A}.Release|Any CPU.ActiveCfg = Release|Any CPU
		{BF8A5575-7AF6-4A16-A21E-8D1CC512858A}.Release|Any CPU.Build.0 = Release|Any CPU
		{BF8A5575-7AF6-4A16-A21E-8D1CC512858A}.Release|x64.ActiveCfg = Release|Any CPU
		{BF8A5575-7AF6-4A16-A21E-8D1CC512858A}.Release|x64.Build.0 = Release|Any CPU
		{BF8A5575-7AF6-4A16-A21E-8D1CC512858A}.Release|x86.ActiveCfg = Release|Any CPU
		{BF8A5575-7AF6-4A16-A21E-8D1CC512858A}.Release|x86.Build.0 = Release|Any CPU
		{F3AFC4FC-0084-4D10-8454-F00B710BAB05}.Debug|Any CPU.ActiveCfg = Debug|Any CPU
		{F3AFC4FC-0084-4D10-8454-F00B710BAB05}.Debug|Any CPU.Build.0 = Debug|Any CPU
		{F3AFC4FC-0084-4D10-8454-F00B710BAB05}.Debug|x64.ActiveCfg = Debug|Any CPU
		{F3AFC4FC-0084-4D10-8454-F00B710BAB05}.Debug|x64.Build.0 = Debug|Any CPU
		{F3AFC4FC-0084-4D10-8454-F00B710BAB05}.Debug|x86.ActiveCfg = Debug|Any CPU
		{F3AFC4FC-0084-4D10-8454-F00B710BAB05}.Debug|x86.Build.0 = Debug|Any CPU
		{F3AFC4FC-0084-4D10-8454-F00B710BAB05}.Release|Any CPU.ActiveCfg = Release|Any CPU
		{F3AFC4FC-0084-4D10-8454-F00B710BAB05}.Release|Any CPU.Build.0 = Release|Any CPU
		{F3AFC4FC-0084-4D10-8454-F00B710BAB05}.Release|x64.ActiveCfg = Release|Any CPU
		{F3AFC4FC-0084-4D10-8454-F00B710BAB05}.Release|x64.Build.0 = Release|Any CPU
		{F3AFC4FC-0084-4D10-8454-F00B710BAB05}.Release|x86.ActiveCfg = Release|Any CPU
		{F3AFC4FC-0084-4D10-8454-F00B710BAB05}.Release|x86.Build.0 = Release|Any CPU
		{13DFC80A-A6FC-4530-BA87-A8743EEA83BE}.Debug|Any CPU.ActiveCfg = Debug|Any CPU
		{13DFC80A-A6FC-4530-BA87-A8743EEA83BE}.Debug|Any CPU.Build.0 = Debug|Any CPU
		{13DFC80A-A6FC-4530-BA87-A8743EEA83BE}.Debug|x64.ActiveCfg = Debug|Any CPU
		{13DFC80A-A6FC-4530-BA87-A8743EEA83BE}.Debug|x64.Build.0 = Debug|Any CPU
		{13DFC80A-A6FC-4530-BA87-A8743EEA83BE}.Debug|x86.ActiveCfg = Debug|Any CPU
		{13DFC80A-A6FC-4530-BA87-A8743EEA83BE}.Debug|x86.Build.0 = Debug|Any CPU
		{13DFC80A-A6FC-4530-BA87-A8743EEA83BE}.Release|Any CPU.ActiveCfg = Release|Any CPU
		{13DFC80A-A6FC-4530-BA87-A8743EEA83BE}.Release|Any CPU.Build.0 = Release|Any CPU
		{13DFC80A-A6FC-4530-BA87-A8743EEA83BE}.Release|x64.ActiveCfg = Release|Any CPU
		{13DFC80A-A6FC-4530-BA87-A8743EEA83BE}.Release|x64.Build.0 = Release|Any CPU
		{13DFC80A-A6FC-4530-BA87-A8743EEA83BE}.Release|x86.ActiveCfg = Release|Any CPU
		{13DFC80A-A6FC-4530-BA87-A8743EEA83BE}.Release|x86.Build.0 = Release|Any CPU
		{318F8D42-EA8D-45FE-BC6C-550415AEFBBC}.Debug|Any CPU.ActiveCfg = Debug|Any CPU
		{318F8D42-EA8D-45FE-BC6C-550415AEFBBC}.Debug|Any CPU.Build.0 = Debug|Any CPU
		{318F8D42-EA8D-45FE-BC6C-550415AEFBBC}.Debug|x64.ActiveCfg = Debug|Any CPU
		{318F8D42-EA8D-45FE-BC6C-550415AEFBBC}.Debug|x64.Build.0 = Debug|Any CPU
		{318F8D42-EA8D-45FE-BC6C-550415AEFBBC}.Debug|x86.ActiveCfg = Debug|Any CPU
		{318F8D42-EA8D-45FE-BC6C-550415AEFBBC}.Debug|x86.Build.0 = Debug|Any CPU
		{318F8D42-EA8D-45FE-BC6C-550415AEFBBC}.Release|Any CPU.ActiveCfg = Release|Any CPU
		{318F8D42-EA8D-45FE-BC6C-550415AEFBBC}.Release|Any CPU.Build.0 = Release|Any CPU
		{318F8D42-EA8D-45FE-BC6C-550415AEFBBC}.Release|x64.ActiveCfg = Release|Any CPU
		{318F8D42-EA8D-45FE-BC6C-550415AEFBBC}.Release|x64.Build.0 = Release|Any CPU
		{318F8D42-EA8D-45FE-BC6C-550415AEFBBC}.Release|x86.ActiveCfg = Release|Any CPU
		{318F8D42-EA8D-45FE-BC6C-550415AEFBBC}.Release|x86.Build.0 = Release|Any CPU
		{4EB24A10-6BAF-455D-AB86-05D82470E686}.Debug|Any CPU.ActiveCfg = Debug|Any CPU
		{4EB24A10-6BAF-455D-AB86-05D82470E686}.Debug|Any CPU.Build.0 = Debug|Any CPU
		{4EB24A10-6BAF-455D-AB86-05D82470E686}.Debug|x64.ActiveCfg = Debug|Any CPU
		{4EB24A10-6BAF-455D-AB86-05D82470E686}.Debug|x64.Build.0 = Debug|Any CPU
		{4EB24A10-6BAF-455D-AB86-05D82470E686}.Debug|x86.ActiveCfg = Debug|Any CPU
		{4EB24A10-6BAF-455D-AB86-05D82470E686}.Debug|x86.Build.0 = Debug|Any CPU
		{4EB24A10-6BAF-455D-AB86-05D82470E686}.Release|Any CPU.ActiveCfg = Release|Any CPU
		{4EB24A10-6BAF-455D-AB86-05D82470E686}.Release|Any CPU.Build.0 = Release|Any CPU
		{4EB24A10-6BAF-455D-AB86-05D82470E686}.Release|x64.ActiveCfg = Release|Any CPU
		{4EB24A10-6BAF-455D-AB86-05D82470E686}.Release|x64.Build.0 = Release|Any CPU
		{4EB24A10-6BAF-455D-AB86-05D82470E686}.Release|x86.ActiveCfg = Release|Any CPU
		{4EB24A10-6BAF-455D-AB86-05D82470E686}.Release|x86.Build.0 = Release|Any CPU
		{4E722AB2-E846-4F83-9D8F-80C9CCE72EBA}.Debug|Any CPU.ActiveCfg = Debug|Any CPU
		{4E722AB2-E846-4F83-9D8F-80C9CCE72EBA}.Debug|Any CPU.Build.0 = Debug|Any CPU
		{4E722AB2-E846-4F83-9D8F-80C9CCE72EBA}.Debug|x64.ActiveCfg = Debug|Any CPU
		{4E722AB2-E846-4F83-9D8F-80C9CCE72EBA}.Debug|x64.Build.0 = Debug|Any CPU
		{4E722AB2-E846-4F83-9D8F-80C9CCE72EBA}.Debug|x86.ActiveCfg = Debug|Any CPU
		{4E722AB2-E846-4F83-9D8F-80C9CCE72EBA}.Debug|x86.Build.0 = Debug|Any CPU
		{4E722AB2-E846-4F83-9D8F-80C9CCE72EBA}.Release|Any CPU.ActiveCfg = Release|Any CPU
		{4E722AB2-E846-4F83-9D8F-80C9CCE72EBA}.Release|Any CPU.Build.0 = Release|Any CPU
		{4E722AB2-E846-4F83-9D8F-80C9CCE72EBA}.Release|x64.ActiveCfg = Release|Any CPU
		{4E722AB2-E846-4F83-9D8F-80C9CCE72EBA}.Release|x64.Build.0 = Release|Any CPU
		{4E722AB2-E846-4F83-9D8F-80C9CCE72EBA}.Release|x86.ActiveCfg = Release|Any CPU
		{4E722AB2-E846-4F83-9D8F-80C9CCE72EBA}.Release|x86.Build.0 = Release|Any CPU
		{64713C7B-0B9D-484F-BA0D-8C980255A66A}.Debug|Any CPU.ActiveCfg = Debug|Any CPU
		{64713C7B-0B9D-484F-BA0D-8C980255A66A}.Debug|Any CPU.Build.0 = Debug|Any CPU
		{64713C7B-0B9D-484F-BA0D-8C980255A66A}.Debug|x64.ActiveCfg = Debug|Any CPU
		{64713C7B-0B9D-484F-BA0D-8C980255A66A}.Debug|x64.Build.0 = Debug|Any CPU
		{64713C7B-0B9D-484F-BA0D-8C980255A66A}.Debug|x86.ActiveCfg = Debug|Any CPU
		{64713C7B-0B9D-484F-BA0D-8C980255A66A}.Debug|x86.Build.0 = Debug|Any CPU
		{64713C7B-0B9D-484F-BA0D-8C980255A66A}.Release|Any CPU.ActiveCfg = Release|Any CPU
		{64713C7B-0B9D-484F-BA0D-8C980255A66A}.Release|Any CPU.Build.0 = Release|Any CPU
		{64713C7B-0B9D-484F-BA0D-8C980255A66A}.Release|x64.ActiveCfg = Release|Any CPU
		{64713C7B-0B9D-484F-BA0D-8C980255A66A}.Release|x64.Build.0 = Release|Any CPU
		{64713C7B-0B9D-484F-BA0D-8C980255A66A}.Release|x86.ActiveCfg = Release|Any CPU
		{64713C7B-0B9D-484F-BA0D-8C980255A66A}.Release|x86.Build.0 = Release|Any CPU
		{C106EAB3-D89C-489B-869C-74EF125DD5DD}.Debug|Any CPU.ActiveCfg = Debug|Any CPU
		{C106EAB3-D89C-489B-869C-74EF125DD5DD}.Debug|Any CPU.Build.0 = Debug|Any CPU
		{C106EAB3-D89C-489B-869C-74EF125DD5DD}.Debug|x64.ActiveCfg = Debug|Any CPU
		{C106EAB3-D89C-489B-869C-74EF125DD5DD}.Debug|x64.Build.0 = Debug|Any CPU
		{C106EAB3-D89C-489B-869C-74EF125DD5DD}.Debug|x86.ActiveCfg = Debug|Any CPU
		{C106EAB3-D89C-489B-869C-74EF125DD5DD}.Debug|x86.Build.0 = Debug|Any CPU
		{C106EAB3-D89C-489B-869C-74EF125DD5DD}.Release|Any CPU.ActiveCfg = Release|Any CPU
		{C106EAB3-D89C-489B-869C-74EF125DD5DD}.Release|Any CPU.Build.0 = Release|Any CPU
		{C106EAB3-D89C-489B-869C-74EF125DD5DD}.Release|x64.ActiveCfg = Release|Any CPU
		{C106EAB3-D89C-489B-869C-74EF125DD5DD}.Release|x64.Build.0 = Release|Any CPU
		{C106EAB3-D89C-489B-869C-74EF125DD5DD}.Release|x86.ActiveCfg = Release|Any CPU
		{C106EAB3-D89C-489B-869C-74EF125DD5DD}.Release|x86.Build.0 = Release|Any CPU
	EndGlobalSection
	GlobalSection(SolutionProperties) = preSolution
		HideSolutionNode = FALSE
	EndGlobalSection
	GlobalSection(NestedProjects) = preSolution
		{CC34DEF0-ADF0-4F0E-B9CB-2E8E339EEBFF} = {E2C4CE85-02E7-47A5-8F29-E326F26AC71C}
		{667F5527-50B4-4451-BB8E-E50624EE2387} = {E2C4CE85-02E7-47A5-8F29-E326F26AC71C}
		{BF8A5575-7AF6-4A16-A21E-8D1CC512858A} = {E2C4CE85-02E7-47A5-8F29-E326F26AC71C}
		{F3AFC4FC-0084-4D10-8454-F00B710BAB05} = {E2C4CE85-02E7-47A5-8F29-E326F26AC71C}
		{13DFC80A-A6FC-4530-BA87-A8743EEA83BE} = {E2C4CE85-02E7-47A5-8F29-E326F26AC71C}
		{318F8D42-EA8D-45FE-BC6C-550415AEFBBC} = {E2C4CE85-02E7-47A5-8F29-E326F26AC71C}
		{4EB24A10-6BAF-455D-AB86-05D82470E686} = {E2C4CE85-02E7-47A5-8F29-E326F26AC71C}
		{4E722AB2-E846-4F83-9D8F-80C9CCE72EBA} = {E2C4CE85-02E7-47A5-8F29-E326F26AC71C}
		{64713C7B-0B9D-484F-BA0D-8C980255A66A} = {E2C4CE85-02E7-47A5-8F29-E326F26AC71C}
		{C106EAB3-D89C-489B-869C-74EF125DD5DD} = {E2C4CE85-02E7-47A5-8F29-E326F26AC71C}
	EndGlobalSection
EndGlobal
